filippo.io/csrf v0.0.0-20250517103426-cfb6fbb0fbe3 h1:Y4CUtuzXfuQ4qH9EE9GhLDbGOFidCHU6QTHNDV71gEI=
filippo.io/csrf v0.0.0-20250517103426-cfb6fbb0fbe3/go.mod h1:UKXjDN2cCsNRxbVB9ItZJJDDebd6efD9sN2G64iakPY=
github.com/beorn7/perks v1.0.1 h1:VlbKKnNfV8bJzeqoa4cOKqO6bYr3WgKZxO8Z16+hsOM=
github.com/beorn7/perks v1.0.1/go.mod h1:G2ZrVWU2WbWT9wwq4/hrbKbnv/1ERSJQ0ibhJ6rlkpw=
github.com/cespare/xxhash/v2 v2.3.0 h1:UL815xU9SqsFlibzuggzjXhog7bL6oX9BbNZnL2UFvs=
github.com/cespare/xxhash/v2 v2.3.0/go.mod h1:VGX0DQ3Q6kWi7AoAeZDth3/j3BFtOZR5XLFGgcrjCOs=
github.com/chromedp/cdproto v0.0.0-20250403032234-65de8f5d025b h1:jJmiCljLNTaq/O1ju9Bzz2MPpFlmiTn0F7LwCoeDZVw=
github.com/chromedp/cdproto v0.0.0-20250403032234-65de8f5d025b/go.mod h1:NItd7aLkcfOA/dcMXvl8p1u+lQqioRMq/SqDp71Pb/k=
github.com/chromedp/chromedp v0.13.7 h1:vt+mslxscyvUr58eC+6DLSeeo74jpV/HI2nWetjv/W4=
github.com/chromedp/chromedp v0.13.7/go.mod h1:h8GPP6ZtLMLsU8zFbTcb7ZDGCvCy8j/vRoFmRltQx9A=
github.com/chromedp/sysutil v1.1.0 h1:PUFNv5EcprjqXZD9nJb9b/c9ibAbxiYo4exNWZyipwM=
github.com/chromedp/sysutil v1.1.0/go.mod h1:WiThHUdltqCNKGc4gaU50XgYjwjYIhKWoHGPTUfWTJ8=
github.com/davecgh/go-spew v1.1.1 h1:vj9j/u1bqnvCEfJOwUhtlOARqs3+rkHYY13jYWTU97c=
github.com/davecgh/go-spew v1.1.1/go.mod h1:J7Y8YcW2NihsgmVo/mv3lAwl/skON4iLHjSsI+c5H38=
github.com/fxamacker/cbor/v2 v2.8.0 h1:fFtUGXUzXPHTIUdne5+zzMPTfffl3RD5qYnkY40vtxU=
github.com/fxamacker/cbor/v2 v2.8.0/go.mod h1:vM4b+DJCtHn+zz7h3FFp/hDAI9WNWCsZj23V5ytsSxQ=
github.com/go-json-experiment/json v0.0.0-20250211171154-1ae217ad3535 h1:yE7argOs92u+sSCRgqqe6eF+cDaVhSPlioy1UkA0p/w=
github.com/go-json-experiment/json v0.0.0-20250211171154-1ae217ad3535/go.mod h1:BWmvoE1Xia34f3l/ibJweyhrT+aROb/FQ6d+37F0e2s=
github.com/go-webauthn/webauthn v0.13.0 h1:cJIL1/1l+22UekVhipziAaSgESJxokYkowUqAIsWs0Y=
github.com/go-webauthn/webauthn v0.13.0/go.mod h1:Oy9o2o79dbLKRPZWWgRIOdtBGAhKnDIaBp2PFkICRHs=
github.com/go-webauthn/x v0.1.21 h1:nFbckQxudvHEJn2uy1VEi713MeSpApoAv9eRqsb9AdQ=
github.com/go-webauthn/x v0.1.21/go.mod h1:sEYohtg1zL4An1TXIUIQ5csdmoO+WO0R4R2pGKaHYKA=
github.com/gobwas/httphead v0.1.0 h1:exrUm0f4YX0L7EBwZHuCF4GDp8aJfVeBrlLQrs6NqWU=
github.com/gobwas/httphead v0.1.0/go.mod h1:O/RXo79gxV8G+RqlR/otEwx4Q36zl9rqC5u12GKvMCM=
github.com/gobwas/pool v0.2.1 h1:xfeeEhW7pwmX8nuLVlqbzVc7udMDrwetjEv+TZIz1og=
github.com/gobwas/pool v0.2.1/go.mod h1:q8bcK0KcYlCgd9e7WYLm9LpyS+YeLd8JVDW6WezmKEw=
github.com/gobwas/ws v1.4.0 h1:CTaoG1tojrh4ucGPcoJFiAQUAsEWekEWvLy7GsVNqGs=
github.com/gobwas/ws v1.4.0/go.mod h1:G3gNqMNtPppf5XUz7O4shetPpcZ1VJ7zt18dlUeakrc=
github.com/golang-jwt/jwt/v5 v5.2.2 h1:Rl4B7itRWVtYIHFrSNd7vhTiz9UpLdi6gZhZ3wEeDy8=
github.com/golang-jwt/jwt/v5 v5.2.2/go.mod h1:pqrtFR0X4osieyHYxtmOUWsAWrfe1Q5UVIyoH402zdk=
github.com/google/go-cmp v0.7.0 h1:wk8382ETsv4JYUZwIsn6YpYiWiBsYLSJiTsyBybVuN8=
github.com/google/go-cmp v0.7.0/go.mod h1:pXiqmnSA92OHEEa9HXL2W4E7lf9JzCmGVUdgjX3N/iU=
github.com/google/go-tpm v0.9.5 h1:ocUmnDebX54dnW+MQWGQRbdaAcJELsa6PqZhJ48KwVU=
github.com/google/go-tpm v0.9.5/go.mod h1:h9jEsEECg7gtLis0upRBQU+GhYVH6jMjrFxI8u6bVUY=
github.com/google/uuid v1.6.0 h1:NIvaJDMOsjHA8n1jAhLSgzrAzy1Hgr+hNrb57e+94F0=
github.com/google/uuid v1.6.0/go.mod h1:TIyPZe4MgqvfeYDBFedMoGGpEw/LqOeaOT+nhxU+yHo=
github.com/klauspost/compress v1.18.0 h1:c/Cqfb0r+Yi+JtIEq73FWXVkRonBlf0CRNYc8Zttxdo=
github.com/klauspost/compress v1.18.0/go.mod h1:2Pp+KzxcywXVXMr50+X0Q/Lsb43OQHYWRCY2AiWywWQ=
github.com/kylelemons/godebug v1.1.0 h1:RPNrshWIDI6G2gRW9EHilWtl7Z6Sb1BR0xunSBf0SNc=
github.com/kylelemons/godebug v1.1.0/go.mod h1:9/0rRGxNHcop5bhtWyNeEfOS8JIWk580+fNqagV/RAw=
github.com/ledongthuc/pdf v0.0.0-20220302134840-0c2507a12d80 h1:6Yzfa6GP0rIo/kULo2bwGEkFvCePZ3qHDDTC3/J9Swo=
github.com/ledongthuc/pdf v0.0.0-20220302134840-0c2507a12d80/go.mod h1:imJHygn/1yfhB7XSJJKlFZKl/J+dCPAknuiaGOshXAs=
github.com/lstoll/oidc v1.0.0-alpha.1.0.20240324163255-989e22bde1f1 h1:tg2qDMn3CDt7QOHb+UKoCvKaf1Qgq71SsmEHPXMLfbI=
github.com/lstoll/oidc v1.0.0-alpha.1.0.20240324163255-989e22bde1f1/go.mod h1:ZQ/Awk92pRKZizlR6HD/TZpSLqvrMa/tlXDJod6mk0Q=
github.com/lstoll/tinkrotate v0.0.0-20250628134202-3c7c777eb215 h1:fj/z3BLXwgBJ9oWsrZNbHN98ffwajmKP2JNg+OQjsC8=
github.com/lstoll/tinkrotate v0.0.0-20250628134202-3c7c777eb215/go.mod h1:x9r6po7qyhQIvVUZSQjs0VwsCfR1sgg9xAPpvyPkfGE=
github.com/lstoll/web v0.0.0-20250626220328-c73bfcffd053 h1:TbORmcM9cGxKvvj1sQaG37RtykLsS+zaA3Y6lRGT7ws=
github.com/lstoll/web v0.0.0-20250626220328-c73bfcffd053/go.mod h1:7KkvIfjA0uiTZehpOuBA4QNH0PCDwdoYLo8HpWVbG18=
github.com/lstoll/web v0.0.0-20250628233112-c8117c2a01a1 h1:IgE06ErgpgOXKu6pD2THyGbIbwrhqaTten02QkPQL1w=
github.com/lstoll/web v0.0.0-20250628233112-c8117c2a01a1/go.mod h1:7KkvIfjA0uiTZehpOuBA4QNH0PCDwdoYLo8HpWVbG18=
github.com/lstoll/web v0.0.0-20250706214213-6f1a5d4c9be1 h1:T3PKsvQNIf8QRi6psQwi0gAi5KZDIZ+3QrHDJj/XqEo=
github.com/lstoll/web v0.0.0-20250706214213-6f1a5d4c9be1/go.mod h1:7KkvIfjA0uiTZehpOuBA4QNH0PCDwdoYLo8HpWVbG18=
github.com/lstoll/web v0.0.0-20250706222713-619669e82ecc h1:7nZFSSsQXw6y6zPYuRNfdIIuXmRN+SepkV28flUmG2Q=
github.com/lstoll/web v0.0.0-20250706222713-619669e82ecc/go.mod h1:7KkvIfjA0uiTZehpOuBA4QNH0PCDwdoYLo8HpWVbG18=
github.com/mattn/go-sqlite3 v1.14.28 h1:ThEiQrnbtumT+QMknw63Befp/ce/nUPgBPMlRFEum7A=
github.com/mattn/go-sqlite3 v1.14.28/go.mod h1:Uh1q+B4BYcTPb+yiD3kU8Ct7aC0hY9fxUwlHK0RXw+Y=
github.com/mitchellh/mapstructure v1.5.0 h1:jeMsZIYE/09sWLaz43PL7Gy6RuMjD2eJVyuac5Z2hdY=
github.com/mitchellh/mapstructure v1.5.0/go.mod h1:bFUtVrKA4DC2yAKiSyO/QUcy7e+RRV2QTWOzhPopBRo=
github.com/munnerz/goautoneg v0.0.0-20191010083416-a7dc8b61c822 h1:C3w9PqII01/Oq1c1nUAm88MOHcQC9l5mIlSMApZMrHA=
github.com/munnerz/goautoneg v0.0.0-20191010083416-a7dc8b61c822/go.mod h1:+n7T8mK8HuQTcFwEeznm/DIxMOiR9yIdICNftLE1DvQ=
github.com/oklog/run v1.1.0 h1:GEenZ1cK0+q0+wsJew9qUg/DyD8k3JzYsZAi5gYi2mA=
github.com/oklog/run v1.1.0/go.mod h1:sVPdnTZT1zYwAJeCMu2Th4T21pA3FPOQRfWjQlk7DVU=
github.com/orisano/pixelmatch v0.0.0-20220722002657-fb0b55479cde h1:x0TT0RDC7UhAVbbWWBzr41ElhJx5tXPWkIHA2HWPRuw=
github.com/orisano/pixelmatch v0.0.0-20220722002657-fb0b55479cde/go.mod h1:nZgzbfBr3hhjoZnS66nKrHmduYNpc34ny7RK4z5/HM0=
github.com/pmezard/go-difflib v1.0.0 h1:4DBwDE0NGyQoBHbLQYPwSUPoCMWR5BEzIk/f1lZbAQM=
github.com/pmezard/go-difflib v1.0.0/go.mod h1:iKH77koFhYxTK1pcRnkKkqfTogsbg7gZNVY4sRDYZ/4=
github.com/prometheus/client_golang v1.22.0 h1:rb93p9lokFEsctTys46VnV1kLCDpVZ0a/Y92Vm0Zc6Q=
github.com/prometheus/client_golang v1.22.0/go.mod h1:R7ljNsLXhuQXYZYtw6GAE9AZg8Y7vEW5scdCXrWRXC0=
github.com/prometheus/client_model v0.6.1 h1:ZKSh/rekM+n3CeS952MLRAdFwIKqeY8b62p8ais2e9E=
github.com/prometheus/client_model v0.6.1/go.mod h1:OrxVMOVHjw3lKMa8+x6HeMGkHMQyHDk9E3jmP2AmGiY=
github.com/prometheus/common v0.62.0 h1:xasJaQlnWAeyHdUBeGjXmutelfJHWMRr+Fg4QszZ2Io=
github.com/prometheus/common v0.62.0/go.mod h1:vyBcEuLSvWos9B1+CyL7JZ2up+uFzXhkqml0W5zIY1I=
github.com/prometheus/procfs v0.15.1 h1:YagwOFzUgYfKKHX6Dr+sHT7km/hxC76UB0learggepc=
github.com/prometheus/procfs v0.15.1/go.mod h1:fB45yRUv8NstnjriLhBQLuOUt+WW4BsoGhij/e3PBqk=
github.com/sr/jsonfile v0.0.0-20240301210704-69e8a5b5b148 h1:gQ7t2Q9iRRtBYAvcszOA9vFGdtW3R/4pT+itPH8b22c=
github.com/sr/jsonfile v0.0.0-20240301210704-69e8a5b5b148/go.mod h1:rWYpwcta+HEXjFjbDiSFGqzhZ5KPlNhit+irVCFLQAI=
github.com/stretchr/testify v1.10.0 h1:Xv5erBjTwe/5IxqUQTdXv5kgmIvbHo3QQyRwhJsOfJA=
github.com/stretchr/testify v1.10.0/go.mod h1:r2ic/lqez/lEtzL7wO/rwa5dbSLXVDPFyf8C91i36aY=
github.com/tailscale/hujson v0.0.0-20250605163823-992244df8c5a h1:a6TNDN9CgG+cYjaeN8l2mc4kSz2iMiCDQxPEyltUV/I=
github.com/tailscale/hujson v0.0.0-20250605163823-992244df8c5a/go.mod h1:EbW0wDK/qEUYI0A5bqq0C2kF8JTQwWONmGDBbzsxxHo=
github.com/tink-crypto/tink-go/v2 v2.4.0 h1:8VPZeZI4EeZ8P/vB6SIkhlStrJfivTJn+cQ4dtyHNh0=
github.com/tink-crypto/tink-go/v2 v2.4.0/go.mod h1:l//evrF2Y3MjdbpNDNGnKgCpo5zSmvUvnQ4MU+yE2sw=
github.com/x448/float16 v0.8.4 h1:qLwI1I70+NjRFUR3zs1JPUCgaCXSh3SW62uAKT1mSBM=
github.com/x448/float16 v0.8.4/go.mod h1:14CWIYCyZA/cWjXOioeEpHeN/83MdbZDRQHoFcYsOfg=
golang.org/x/crypto v0.39.0 h1:SHs+kF4LP+f+p14esP5jAoDpHU8Gu/v9lFRK6IT5imM=
golang.org/x/crypto v0.39.0/go.mod h1:L+Xg3Wf6HoL4Bn4238Z6ft6KfEpN0tJGo53AAPC632U=
golang.org/x/oauth2 v0.24.0 h1:KTBBxWqUa0ykRPLtV69rRto9TLXcqYkeswu48x/gvNE=
golang.org/x/oauth2 v0.24.0/go.mod h1:XYTD2NtWslqkgxebSiOHnXEap4TF09sJSc7H1sXbhtI=
golang.org/x/sys v0.6.0/go.mod h1:oPkhp1MJrh7nUepCBck5+mAzfO9JrbApNNgaTdGDITg=
golang.org/x/sys v0.33.0 h1:q3i8TbbEz+JRD9ywIRlyRAQbM0qF7hu24q3teo2hbuw=
golang.org/x/sys v0.33.0/go.mod h1:BJP2sWEmIv4KK5OTEluFJCKSidICx8ciO85XgH3Ak8k=
golang.org/x/text v0.26.0 h1:P42AVeLghgTYr4+xUnTRKDMqpar+PtX7KWuNQL21L8M=
golang.org/x/text v0.26.0/go.mod h1:QK15LZJUUQVJxhz7wXgxSy/CJaTFjd0G+YLonydOVQA=
google.golang.org/protobuf v1.36.6 h1:z1NpPI8ku2WgiWnf+t9wTPsn6eP1L7ksHUlkfLvd9xY=
google.golang.org/protobuf v1.36.6/go.mod h1:jduwjTPXsFjZGTmRluh+L6NjiWu7pchiJ2/5YcXBHnY=
gopkg.in/yaml.v3 v3.0.1 h1:fxVm/GzAzEWqLHuvctI91KS9hhNmmWOoWu0XTYJS7CA=
gopkg.in/yaml.v3 v3.0.1/go.mod h1:K4uyk7z7BCEPqu6E+C64Yfv1cQ7kz7rIZviUmN+EgEM=
